// !$*UTF8*$!
{
	archiveVersion = 1;
	classes = {
	};
	objectVersion = 50;
	objects = {

/* Begin PBXBuildFile section */
		CC3DE31F223CAAB1000A1F76 /* AppDelegate.swift in Sources */ = {isa = PBXBuildFile; fileRef = CC3DE31E223CAAB1000A1F76 /* AppDelegate.swift */; };
		CC3DE321223CAAB1000A1F76 /* ViewController.swift in Sources */ = {isa = PBXBuildFile; fileRef = CC3DE320223CAAB1000A1F76 /* ViewController.swift */; };
		CC3DE324223CAAB1000A1F76 /* Main.storyboard in Resources */ = {isa = PBXBuildFile; fileRef = CC3DE322223CAAB1000A1F76 /* Main.storyboard */; };
		CC3DE326223CAAB2000A1F76 /* Assets.xcassets in Resources */ = {isa = PBXBuildFile; fileRef = CC3DE325223CAAB2000A1F76 /* Assets.xcassets */; };
		CC3DE329223CAAB2000A1F76 /* LaunchScreen.storyboard in Resources */ = {isa = PBXBuildFile; fileRef = CC3DE327223CAAB2000A1F76 /* LaunchScreen.storyboard */; };
		CC7718A3223E3AD1007B6A74 /* pause.png in Resources */ = {isa = PBXBuildFile; fileRef = CC77189F223E3AD0007B6A74 /* pause.png */; };
		CC7718A4223E3AD1007B6A74 /* stop.png in Resources */ = {isa = PBXBuildFile; fileRef = CC7718A0223E3AD0007B6A74 /* stop.png */; };
		CC7718A5223E3AD1007B6A74 /* play.png in Resources */ = {isa = PBXBuildFile; fileRef = CC7718A1223E3AD0007B6A74 /* play.png */; };
		CC7718A6223E3AD1007B6A74 /* record.png in Resources */ = {isa = PBXBuildFile; fileRef = CC7718A2223E3AD0007B6A74 /* record.png */; };
		CC948785223CC095008F3543 /* KiranButton.swift in Sources */ = {isa = PBXBuildFile; fileRef = CC948784223CC095008F3543 /* KiranButton.swift */; };
		CCB7C26A223F04270034343F /* VoiceRecorderAndPlayer.swift in Sources */ = {isa = PBXBuildFile; fileRef = CCB7C269223F04270034343F /* VoiceRecorderAndPlayer.swift */; };
/* End PBXBuildFile section */

/* Begin PBXFileReference section */
		CC3DE31B223CAAB1000A1F76 /* DemoRecorder.app */ = {isa = PBXFileReference; explicitFileType = wrapper.application; includeInIndex = 0; path = DemoRecorder.app; sourceTree = BUILT_PRODUCTS_DIR; };
		CC3DE31E223CAAB1000A1F76 /* AppDelegate.swift */ = {isa = PBXFileReference; lastKnownFileType = sourcecode.swift; path = AppDelegate.swift; sourceTree = "<group>"; };
		CC3DE320223CAAB1000A1F76 /* ViewController.swift */ = {isa = PBXFileReference; lastKnownFileType = sourcecode.swift; path = ViewController.swift; sourceTree = "<group>"; };
		CC3DE323223CAAB1000A1F76 /* Base */ = {isa = PBXFileReference; lastKnownFileType = file.storyboard; name = Base; path = Base.lproj/Main.storyboard; sourceTree = "<group>"; };
		CC3DE325223CAAB2000A1F76 /* Assets.xcassets */ = {isa = PBXFileReference; lastKnownFileType = folder.assetcatalog; path = Assets.xcassets; sourceTree = "<group>"; };
		CC3DE328223CAAB2000A1F76 /* Base */ = {isa = PBXFileReference; lastKnownFileType = file.storyboard; name = Base; path = Base.lproj/LaunchScreen.storyboard; sourceTree = "<group>"; };
		CC3DE32A223CAAB2000A1F76 /* Info.plist */ = {isa = PBXFileReference; lastKnownFileType = text.plist.xml; path = Info.plist; sourceTree = "<group>"; };
		CC77189F223E3AD0007B6A74 /* pause.png */ = {isa = PBXFileReference; lastKnownFileType = image.png; path = pause.png; sourceTree = "<group>"; };
		CC7718A0223E3AD0007B6A74 /* stop.png */ = {isa = PBXFileReference; lastKnownFileType = image.png; path = stop.png; sourceTree = "<group>"; };
		CC7718A1223E3AD0007B6A74 /* play.png */ = {isa = PBXFileReference; lastKnownFileType = image.png; path = play.png; sourceTree = "<group>"; };
		CC7718A2223E3AD0007B6A74 /* record.png */ = {isa = PBXFileReference; lastKnownFileType = image.png; path = record.png; sourceTree = "<group>"; };
		CC948784223CC095008F3543 /* KiranButton.swift */ = {isa = PBXFileReference; lastKnownFileType = sourcecode.swift; path = KiranButton.swift; sourceTree = "<group>"; };
		CCB7C269223F04270034343F /* VoiceRecorderAndPlayer.swift */ = {isa = PBXFileReference; lastKnownFileType = sourcecode.swift; path = VoiceRecorderAndPlayer.swift; sourceTree = "<group>"; };
/* End PBXFileReference section */

/* Begin PBXFrameworksBuildPhase section */
		CC3DE318223CAAB1000A1F76 /* Frameworks */ = {
			isa = PBXFrameworksBuildPhase;
			buildActionMask = 2147483647;
			files = (
			);
			runOnlyForDeploymentPostprocessing = 0;
		};
/* End PBXFrameworksBuildPhase section */

/* Begin PBXGroup section */
		CC3DE312223CAAB1000A1F76 = {
			isa = PBXGroup;
			children = (
				CC3DE31D223CAAB1000A1F76 /* DemoRecorder */,
				CC3DE31C223CAAB1000A1F76 /* Products */,
				CCD8649B2248A3D900189995 /* Resources */,
			);
			sourceTree = "<group>";
		};
		CC3DE31C223CAAB1000A1F76 /* Products */ = {
			isa = PBXGroup;
			children = (
				CC3DE31B223CAAB1000A1F76 /* DemoRecorder.app */,
			);
			name = Products;
			sourceTree = "<group>";
		};
		CC3DE31D223CAAB1000A1F76 /* DemoRecorder */ = {
			isa = PBXGroup;
			children = (
				CC3F743D22436A8700985BB4 /* Controller */,
				CC3F743C22436A7800985BB4 /* Model */,
				CC3DE31E223CAAB1000A1F76 /* AppDelegate.swift */,
				CC948784223CC095008F3543 /* KiranButton.swift */,
				CC3DE322223CAAB1000A1F76 /* Main.storyboard */,
				CC3DE325223CAAB2000A1F76 /* Assets.xcassets */,
				CC3DE327223CAAB2000A1F76 /* LaunchScreen.storyboard */,
				CC3DE32A223CAAB2000A1F76 /* Info.plist */,
			);
			path = DemoRecorder;
			sourceTree = "<group>";
		};
		CC3F743C22436A7800985BB4 /* Model */ = {
			isa = PBXGroup;
			children = (
				CCB7C269223F04270034343F /* VoiceRecorderAndPlayer.swift */,
			);
			path = Model;
			sourceTree = "<group>";
		};
		CC3F743D22436A8700985BB4 /* Controller */ = {
			isa = PBXGroup;
			children = (
				CC3DE320223CAAB1000A1F76 /* ViewController.swift */,
			);
			path = Controller;
			sourceTree = "<group>";
		};
		CCD8649B2248A3D900189995 /* Resources */ = {
			isa = PBXGroup;
			children = (
				CCD8649C2248A3E400189995 /* Images */,
			);
			path = Resources;
			sourceTree = "<group>";
		};
		CCD8649C2248A3E400189995 /* Images */ = {
			isa = PBXGroup;
			children = (
				CC77189F223E3AD0007B6A74 /* pause.png */,
				CC7718A1223E3AD0007B6A74 /* play.png */,
				CC7718A2223E3AD0007B6A74 /* record.png */,
				CC7718A0223E3AD0007B6A74 /* stop.png */,
			);
			path = Images;
			sourceTree = "<group>";
		};
/* End PBXGroup section */

/* Begin PBXNativeTarget section */
		CC3DE31A223CAAB1000A1F76 /* DemoRecorder */ = {
			isa = PBXNativeTarget;
			buildConfigurationList = CC3DE32D223CAAB2000A1F76 /* Build configuration list for PBXNativeTarget "DemoRecorder" */;
			buildPhases = (
				CC3DE317223CAAB1000A1F76 /* Sources */,
				CC3DE318223CAAB1000A1F76 /* Frameworks */,
				CC3DE319223CAAB1000A1F76 /* Resources */,
			);
			buildRules = (
			);
			dependencies = (
			);
			name = DemoRecorder;
			productName = DemoRecorder;
			productReference = CC3DE31B223CAAB1000A1F76 /* DemoRecorder.app */;
			productType = "com.apple.product-type.application";
		};
/* End PBXNativeTarget section */

/* Begin PBXProject section */
		CC3DE313223CAAB1000A1F76 /* Project object */ = {
			isa = PBXProject;
			attributes = {
				LastSwiftUpdateCheck = 1010;
				LastUpgradeCheck = 1010;
				ORGANIZATIONNAME = "Kiran Kumar";
				TargetAttributes = {
					CC3DE31A223CAAB1000A1F76 = {
						CreatedOnToolsVersion = 10.1;
					};
				};
			};
			buildConfigurationList = CC3DE316223CAAB1000A1F76 /* Build configuration list for PBXProject "DemoRecorder" */;
			compatibilityVersion = "Xcode 9.3";
			developmentRegion = en;
			hasScannedForEncodings = 0;
			knownRegions = (
				en,
				Base,
			);
			mainGroup = CC3DE312223CAAB1000A1F76;
			productRefGroup = CC3DE31C223CAAB1000A1F76 /* Products */;
			projectDirPath = "";
			projectRoot = "";
			targets = (
				CC3DE31A223CAAB1000A1F76 /* DemoRecorder */,
			);
		};
/* End PBXProject section */

/* Begin PBXResourcesBuildPhase section */
		CC3DE319223CAAB1000A1F76 /* Resources */ = {
			isa = PBXResourcesBuildPhase;
			buildActionMask = 2147483647;
			files = (
				CC3DE329223CAAB2000A1F76 /* LaunchScreen.storyboard in Resources */,
				CC7718A4223E3AD1007B6A74 /* stop.png in Resources */,
				CC7718A6223E3AD1007B6A74 /* record.png in Resources */,
				CC3DE326223CAAB2000A1F76 /* Assets.xcassets in Resources */,
				CC7718A3223E3AD1007B6A74 /* pause.png in Resources */,
				CC3DE324223CAAB1000A1F76 /* Main.storyboard in Resources */,
				CC7718A5223E3AD1007B6A74 /* play.png in Resources */,
			);
			runOnlyForDeploymentPostprocessing = 0;
		};
/* End PBXResourcesBuildPhase section */

/* Begin PBXSourcesBuildPhase section */
		CC3DE317223CAAB1000A1F76 /* Sources */ = {
			isa = PBXSourcesBuildPhase;
			buildActionMask = 2147483647;
			files = (
				CC948785223CC095008F3543 /* KiranButton.swift in Sources */,
				CC3DE321223CAAB1000A1F76 /* ViewController.swift in Sources */,
				CCB7C26A223F04270034343F /* VoiceRecorderAndPlayer.swift in Sources */,
				CC3DE31F223CAAB1000A1F76 /* AppDelegate.swift in Sources */,
			);
			runOnlyForDeploymentPostprocessing = 0;
		};
/* End PBXSourcesBuildPhase section */

/* Begin PBXVariantGroup section */
		CC3DE322223CAAB1000A1F76 /* Main.storyboard */ = {
			isa = PBXVariantGroup;
			children = (
				CC3DE323223CAAB1000A1F76 /* Base */,
			);
			name = Main.storyboard;
			sourceTree = "<group>";
		};
		CC3DE327223CAAB2000A1F76 /* LaunchScreen.storyboard */ = {
			isa = PBXVariantGroup;
			children = (
				CC3DE328223CAAB2000A1F76 /* Base */,
			);
			name = LaunchScreen.storyboard;
			sourceTree = "<group>";
		};
/* End PBXVariantGroup section */

/* Begin XCBuildConfiguration section */
		CC3DE32B223CAAB2000A1F76 /* Debug */ = {
			isa = XCBuildConfiguration;
			buildSettings = {
				ALWAYS_SEARCH_USER_PATHS = NO;
				CLANG_ANALYZER_NONNULL = YES;
				CLANG_ANALYZER_NUMBER_OBJECT_CONVERSION = YES_AGGRESSIVE;
				CLANG_CXX_LANGUAGE_STANDARD = "gnu++14";
				CLANG_CXX_LIBRARY = "libc++";
				CLANG_ENABLE_MODULES = YES;
				CLANG_ENABLE_OBJC_ARC = YES;
				CLANG_ENABLE_OBJC_WEAK = YES;
				CLANG_WARN_BLOCK_CAPTURE_AUTORELEASING = YES;
				CLANG_WARN_BOOL_CONVERSION = YES;
				CLANG_WARN_COMMA = YES;
				CLANG_WARN_CONSTANT_CONVERSION = YES;
				CLANG_WARN_DEPRECATED_OBJC_IMPLEMENTATIONS = YES;
				CLANG_WARN_DIRECT_OBJC_ISA_USAGE = YES_ERROR;
				CLANG_WARN_DOCUMENTATION_COMMENTS = YES;
				CLANG_WARN_EMPTY_BODY = YES;
				CLANG_WARN_ENUM_CONVERSION = YES;
				CLANG_WARN_INFINITE_RECURSION = YES;
				CLANG_WARN_INT_CONVERSION = YES;
				CLANG_WARN_NON_LITERAL_NULL_CONVERSION = YES;
				CLANG_WARN_OBJC_IMPLICIT_RETAIN_SELF = YES;
				CLANG_WARN_OBJC_LITERAL_CONVERSION = YES;
				CLANG_WARN_OBJC_ROOT_CLASS = YES_ERROR;
				CLANG_WARN_RANGE_LOOP_ANALYSIS = YES;
				CLANG_WARN_STRICT_PROTOTYPES = YES;
				CLANG_WARN_SUSPICIOUS_MOVE = YES;
				CLANG_WARN_UNGUARDED_AVAILABILITY = YES_AGGRESSIVE;
				CLANG_WARN_UNREACHABLE_CODE = YES;
				CLANG_WARN__DUPLICATE_METHOD_MATCH = YES;
				CODE_SIGN_IDENTITY = "iPhone Developer";
				COPY_PHASE_STRIP = NO;
				DEBUG_INFORMATION_FORMAT = dwarf;
				ENABLE_STRICT_OBJC_MSGSEND = YES;
				ENABLE_TESTABILITY = YES;
				GCC_C_LANGUAGE_STANDARD = gnu11;
				GCC_DYNAMIC_NO_PIC = NO;
				GCC_NO_COMMON_BLOCKS = YES;
				GCC_OPTIMIZATION_LEVEL = 0;
				GCC_PREPROCESSOR_DEFINITIONS = (
					"DEBUG=1",
					"$(inherited)",
				);
				GCC_WARN_64_TO_32_BIT_CONVERSION = YES;
				GCC_WARN_ABOUT_RETURN_TYPE = YES_ERROR;
				GCC_WARN_UNDECLARED_SELECTOR = YES;
				GCC_WARN_UNINITIALIZED_AUTOS = YES_AGGRESSIVE;
				GCC_WARN_UNUSED_FUNCTION = YES;
				GCC_WARN_UNUSED_VARIABLE = YES;
				IPHONEOS_DEPLOYMENT_TARGET = 12.1;
				MTL_ENABLE_DEBUG_INFO = INCLUDE_SOURCE;
				MTL_FAST_MATH = YES;
				ONLY_ACTIVE_ARCH = YES;
				SDKROOT = iphoneos;
				SWIFT_ACTIVE_COMPILATION_CONDITIONS = DEBUG;
				SWIFT_OPTIMIZATION_LEVEL = "-Onone";
			};
			name = Debug;
		};
		CC3DE32C223CAAB2000A1F76 /* Release */ = {
			isa = XCBuildConfiguration;
			buildSettings = {
				ALWAYS_SEARCH_USER_PATHS = NO;
				CLANG_ANALYZER_NONNULL = YES;
				CLANG_ANALYZER_NUMBER_OBJECT_CONVERSION = YES_AGGRESSIVE;
				CLANG_CXX_LANGUAGE_STANDARD = "gnu++14";
				CLANG_CXX_LIBRARY = "libc++";
				CLANG_ENABLE_MODULES = YES;
				CLANG_ENABLE_OBJC_ARC = YES;
				CLANG_ENABLE_OBJC_WEAK = YES;
				CLANG_WARN_BLOCK_CAPTURE_AUTORELEASING = YES;
				CLANG_WARN_BOOL_CONVERSION = YES;
				CLANG_WARN_COMMA = YES;
				CLANG_WARN_CONSTANT_CONVERSION = YES;
				CLANG_WARN_DEPRECATED_OBJC_IMPLEMENTATIONS = YES;
				CLANG_WARN_DIRECT_OBJC_ISA_USAGE = YES_ERROR;
				CLANG_WARN_DOCUMENTATION_COMMENTS = YES;
				CLANG_WARN_EMPTY_BODY = YES;
				CLANG_WARN_ENUM_CONVERSION = YES;
				CLANG_WARN_INFINITE_RECURSION = YES;
				CLANG_WARN_INT_CONVERSION = YES;
				CLANG_WARN_NON_LITERAL_NULL_CONVERSION = YES;
				CLANG_WARN_OBJC_IMPLICIT_RETAIN_SELF = YES;
				CLANG_WARN_OBJC_LITERAL_CONVERSION = YES;
				CLANG_WARN_OBJC_ROOT_CLASS = YES_ERROR;
				CLANG_WARN_RANGE_LOOP_ANALYSIS = YES;
				CLANG_WARN_STRICT_PROTOTYPES = YES;
				CLANG_WARN_SUSPICIOUS_MOVE = YES;
				CLANG_WARN_UNGUARDED_AVAILABILITY = YES_AGGRESSIVE;
				CLANG_WARN_UNREACHABLE_CODE = YES;
				CLANG_WARN__DUPLICATE_METHOD_MATCH = YES;
				CODE_SIGN_IDENTITY = "iPhone Developer";
				COPY_PHASE_STRIP = NO;
				DEBUG_INFORMATION_FORMAT = "dwarf-with-dsym";
				ENABLE_NS_ASSERTIONS = NO;
				ENABLE_STRICT_OBJC_MSGSEND = YES;
				GCC_C_LANGUAGE_STANDARD = gnu11;
				GCC_NO_COMMON_BLOCKS = YES;
				GCC_WARN_64_TO_32_BIT_CONVERSION = YES;
				GCC_WARN_ABOUT_RETURN_TYPE = YES_ERROR;
				GCC_WARN_UNDECLARED_SELECTOR = YES;
				GCC_WARN_UNINITIALIZED_AUTOS = YES_AGGRESSIVE;
				GCC_WARN_UNUSED_FUNCTION = YES;
				GCC_WARN_UNUSED_VARIABLE = YES;
				IPHONEOS_DEPLOYMENT_TARGET = 12.1;
				MTL_ENABLE_DEBUG_INFO = NO;
				MTL_FAST_MATH = YES;
				SDKROOT = iphoneos;
				SWIFT_COMPILATION_MODE = wholemodule;
				SWIFT_OPTIMIZATION_LEVEL = "-O";
				VALIDATE_PRODUCT = YES;
			};
			name = Release;
		};
		CC3DE32E223CAAB2000A1F76 /* Debug */ = {
			isa = XCBuildConfiguration;
			buildSettings = {
				ASSETCATALOG_COMPILER_APPICON_NAME = AppIcon;
				CODE_SIGN_STYLE = Automatic;
				DEVELOPMENT_TEAM = XK2JKTE2J9;
				INFOPLIST_FILE = DemoRecorder/Info.plist;
				LD_RUNPATH_SEARCH_PATHS = (
					"$(inherited)",
					"@executable_path/Frameworks",
				);
				PRODUCT_BUNDLE_IDENTIFIER = KiranKumar.DemoRecorder;
				PRODUCT_NAME = "$(TARGET_NAME)";
				SWIFT_VERSION = 4.2;
				TARGETED_DEVICE_FAMILY = "1,2";
			};
			name = Debug;
		};
		CC3DE32F223CAAB2000A1F76 /* Release */ = {
			isa = XCBuildConfiguration;
			buildSettings = {
				ASSETCATALOG_COMPILER_APPICON_NAME = AppIcon;
				CODE_SIGN_STYLE = Automatic;
				DEVELOPMENT_TEAM = XK2JKTE2J9;
				INFOPLIST_FILE = DemoRecorder/Info.plist;
				LD_RUNPATH_SEARCH_PATHS = (
					"$(inherited)",
					"@executable_path/Frameworks",
				);
				PRODUCT_BUNDLE_IDENTIFIER = KiranKumar.DemoRecorder;
				PRODUCT_NAME = "$(TARGET_NAME)";
				SWIFT_VERSION = 4.2;
				TARGETED_DEVICE_FAMILY = "1,2";
			};
			name = Release;
		};
/* End XCBuildConfiguration section */

/* Begin XCConfigurationList section */
		CC3DE316223CAAB1000A1F76 /* Build configuration list for PBXProject "DemoRecorder" */ = {
			isa = XCConfigurationList;
			buildConfigurations = (
				CC3DE32B223CAAB2000A1F76 /* Debug */,
				CC3DE32C223CAAB2000A1F76 /* Release */,
			);
			defaultConfigurationIsVisible = 0;
			defaultConfigurationName = Release;
		};
		CC3DE32D223CAAB2000A1F76 /* Build configuration list for PBXNativeTarget "DemoRecorder" */ = {
			isa = XCConfigurationList;
			buildConfigurations = (
				CC3DE32E223CAAB2000A1F76 /* Debug */,
				CC3DE32F223CAAB2000A1F76 /* Release */,
			);
			defaultConfigurationIsVisible = 0;
			defaultConfigurationName = Release;
		};
/* End XCConfigurationList section */
	};
	rootObject = CC3DE313223CAAB1000A1F76 /* Project object */;
}
